{
  "name": "react-native-token",
  "version": "1.0.0",
  "lockfileVersion": 1,
  "requires": true,
  "dependencies": {
    "react-native-keychain": {
      "version": "4.0.1",
      "resolved": "https://registry.npmjs.org/react-native-keychain/-/react-native-keychain-4.0.1.tgz",
      "integrity": "sha512-AqQp4Hib9y5DP5es5umEAhxKG7L0bA8cHNFhvlqs6oUcbUoKtXmhLDo3wzvnCF+bm8DXpGhvkU6P0LkfO0AgPQ=="
    },
    "react-native-keychainstorage": {
      "version": "1.0.1",
      "resolved": "https://registry.npmjs.org/react-native-keychainstorage/-/react-native-keychainstorage-1.0.1.tgz",
      "integrity": "sha512-koSJ+5+9+PLO4WJ4jLBB5gyEc6X0QbubHphpq5lg98wuPzL6JMlgV4XlJKnfGh3zPFaPJW0UN7Sdd5B4zNKR0g==",
      "requires": {
        "react-native-keychain": "^4.0.0"
      }
    }
  }
}
